
Microsoft Visual Studio Solution File, Format Version 12.00
# Visual Studio 2013
VisualStudioVersion = 12.0.21005.1
MinimumVisualStudioVersion = 10.0.40219.1
Project("{FAE04EC0-301F-11D3-BF4B-00C04F79EFBC}") = "Utility", "Utility\Utility.csproj", "{279A8170-34AE-4264-8277-F283F2A7F083}"
EndProject
Project("{FAE04EC0-301F-11D3-BF4B-00C04F79EFBC}") = "Demo", "Demo\Demo.csproj", "{8E11FF44-0951-48F6-B14C-919A4F0E8276}"
EndProject
Project("{FAE04EC0-301F-11D3-BF4B-00C04F79EFBC}") = "Domain", "Domain\Domain.csproj", "{8F33B402-6333-41F0-9CF4-7BCEF576D90A}"
EndProject
Project("{FAE04EC0-301F-11D3-BF4B-00C04F79EFBC}") = "DemoJson", "DemoJson\DemoJson.csproj", "{28B9782C-178F-4F18-9262-E16C7E82A70C}"
EndProject
Global
	GlobalSection(SolutionConfigurationPlatforms) = preSolution
		Debug|Any CPU = Debug|Any CPU
		Release|Any CPU = Release|Any CPU
	EndGlobalSection
	GlobalSection(ProjectConfigurationPlatforms) = postSolution
		{279A8170-34AE-4264-8277-F283F2A7F083}.Debug|Any CPU.ActiveCfg = Debug|Any CPU
		{279A8170-34AE-4264-8277-F283F2A7F083}.Debug|Any CPU.Build.0 = Debug|Any CPU
		{279A8170-34AE-4264-8277-F283F2A7F083}.Release|Any CPU.ActiveCfg = Release|Any CPU
		{279A8170-34AE-4264-8277-F283F2A7F083}.Release|Any CPU.Build.0 = Release|Any CPU
		{8E11FF44-0951-48F6-B14C-919A4F0E8276}.Debug|Any CPU.ActiveCfg = Debug|Any CPU
		{8E11FF44-0951-48F6-B14C-919A4F0E8276}.Debug|Any CPU.Build.0 = Debug|Any CPU
		{8E11FF44-0951-48F6-B14C-919A4F0E8276}.Release|Any CPU.ActiveCfg = Release|Any CPU
		{8E11FF44-0951-48F6-B14C-919A4F0E8276}.Release|Any CPU.Build.0 = Release|Any CPU
		{8F33B402-6333-41F0-9CF4-7BCEF576D90A}.Debug|Any CPU.ActiveCfg = Debug|Any CPU
		{8F33B402-6333-41F0-9CF4-7BCEF576D90A}.Debug|Any CPU.Build.0 = Debug|Any CPU
		{8F33B402-6333-41F0-9CF4-7BCEF576D90A}.Release|Any CPU.ActiveCfg = Release|Any CPU
		{8F33B402-6333-41F0-9CF4-7BCEF576D90A}.Release|Any CPU.Build.0 = Release|Any CPU
		{28B9782C-178F-4F18-9262-E16C7E82A70C}.Debug|Any CPU.ActiveCfg = Debug|Any CPU
		{28B9782C-178F-4F18-9262-E16C7E82A70C}.Debug|Any CPU.Build.0 = Debug|Any CPU
		{28B9782C-178F-4F18-9262-E16C7E82A70C}.Release|Any CPU.ActiveCfg = Release|Any CPU
		{28B9782C-178F-4F18-9262-E16C7E82A70C}.Release|Any CPU.Build.0 = Release|Any CPU
	EndGlobalSection
	GlobalSection(SolutionProperties) = preSolution
		HideSolutionNode = FALSE
	EndGlobalSection
EndGlobal
